
Microsoft Visual Studio Solution File, Format Version 12.00
# Visual Studio Version 17
VisualStudioVersion = 17.11.35312.102
MinimumVisualStudioVersion = 10.0.40219.1
Project("{9A19103F-16F7-4668-BE54-9A1E7A4F7556}") = "TestGuestApp.API", "TestGuestApp.API\TestGuestApp.API.csproj", "{6F51F60B-A7AC-4877-9290-A7442E077737}"
EndProject
Project("{FAE04EC0-301F-11D3-BF4B-00C04F79EFBC}") = "TestGuestApp.Infrastructure", "TestGuestApp.Infrastructure\TestGuestApp.Infrastructure.csproj", "{2B39C9EE-A5E4-42C1-98D7-C9E8BDB8DA5F}"
EndProject
Project("{FAE04EC0-301F-11D3-BF4B-00C04F79EFBC}") = "TestGuestApp.Core", "TestGuestApp.Core\TestGuestApp.Core.csproj", "{BBB8215C-2157-4BD8-8233-D408EEF31CDF}"
EndProject
Project("{FAE04EC0-301F-11D3-BF4B-00C04F79EFBC}") = "TestGuestApp.Application", "TestGuestApp.Application\TestGuestApp.Application.csproj", "{44748D7D-815C-4D97-85CA-EF42648893C9}"
EndProject
Global
	GlobalSection(SolutionConfigurationPlatforms) = preSolution
		Debug|Any CPU = Debug|Any CPU
		Release|Any CPU = Release|Any CPU
	EndGlobalSection
	GlobalSection(ProjectConfigurationPlatforms) = postSolution
		{6F51F60B-A7AC-4877-9290-A7442E077737}.Debug|Any CPU.ActiveCfg = Debug|Any CPU
		{6F51F60B-A7AC-4877-9290-A7442E077737}.Debug|Any CPU.Build.0 = Debug|Any CPU
		{6F51F60B-A7AC-4877-9290-A7442E077737}.Release|Any CPU.ActiveCfg = Release|Any CPU
		{6F51F60B-A7AC-4877-9290-A7442E077737}.Release|Any CPU.Build.0 = Release|Any CPU
		{2B39C9EE-A5E4-42C1-98D7-C9E8BDB8DA5F}.Debug|Any CPU.ActiveCfg = Debug|Any CPU
		{2B39C9EE-A5E4-42C1-98D7-C9E8BDB8DA5F}.Debug|Any CPU.Build.0 = Debug|Any CPU
		{2B39C9EE-A5E4-42C1-98D7-C9E8BDB8DA5F}.Release|Any CPU.ActiveCfg = Release|Any CPU
		{2B39C9EE-A5E4-42C1-98D7-C9E8BDB8DA5F}.Release|Any CPU.Build.0 = Release|Any CPU
		{BBB8215C-2157-4BD8-8233-D408EEF31CDF}.Debug|Any CPU.ActiveCfg = Debug|Any CPU
		{BBB8215C-2157-4BD8-8233-D408EEF31CDF}.Debug|Any CPU.Build.0 = Debug|Any CPU
		{BBB8215C-2157-4BD8-8233-D408EEF31CDF}.Release|Any CPU.ActiveCfg = Release|Any CPU
		{BBB8215C-2157-4BD8-8233-D408EEF31CDF}.Release|Any CPU.Build.0 = Release|Any CPU
		{44748D7D-815C-4D97-85CA-EF42648893C9}.Debug|Any CPU.ActiveCfg = Debug|Any CPU
		{44748D7D-815C-4D97-85CA-EF42648893C9}.Debug|Any CPU.Build.0 = Debug|Any CPU
		{44748D7D-815C-4D97-85CA-EF42648893C9}.Release|Any CPU.ActiveCfg = Release|Any CPU
		{44748D7D-815C-4D97-85CA-EF42648893C9}.Release|Any CPU.Build.0 = Release|Any CPU
	EndGlobalSection
	GlobalSection(SolutionProperties) = preSolution
		HideSolutionNode = FALSE
	EndGlobalSection
	GlobalSection(ExtensibilityGlobals) = postSolution
		SolutionGuid = {17B712AD-823C-48A6-AA04-87BD373E17C3}
	EndGlobalSection
EndGlobal
